
Microsoft Visual Studio Solution File, Format Version 12.00
# Visual Studio Version 16
VisualStudioVersion = 16.0.33920.266
MinimumVisualStudioVersion = 10.0.40219.1
Project("{FAE04EC0-301F-11D3-BF4B-00C04F79EFBC}") = "ConsoleApp1", "ConsoleApp1\ConsoleApp1.csproj", "{2B253914-9B3D-4691-AEF8-6796F8E83905}"
EndProject
Global
	GlobalSection(SolutionConfigurationPlatforms) = preSolution
		Debug|Any CPU = Debug|Any CPU
		Release|Any CPU = Release|Any CPU
	EndGlobalSection
	GlobalSection(ProjectConfigurationPlatforms) = postSolution
		{2B253914-9B3D-4691-AEF8-6796F8E83905}.Debug|Any CPU.ActiveCfg = Debug|Any CPU
		{2B253914-9B3D-4691-AEF8-6796F8E83905}.Debug|Any CPU.Build.0 = Debug|Any CPU
		{2B253914-9B3D-4691-AEF8-6796F8E83905}.Release|Any CPU.ActiveCfg = Release|Any CPU
		{2B253914-9B3D-4691-AEF8-6796F8E83905}.Release|Any CPU.Build.0 = Release|Any CPU
	EndGlobalSection
	GlobalSection(SolutionProperties) = preSolution
		HideSolutionNode = FALSE
	EndGlobalSection
	GlobalSection(ExtensibilityGlobals) = postSolution
		SolutionGuid = {C47E1D3F-0786-4BAF-BCAD-C5E1D1914C0F}
	EndGlobalSection
EndGlobal
